
Microsoft Visual Studio Solution File, Format Version 12.00
# Visual Studio Version 17
VisualStudioVersion = 17.5.33530.505
MinimumVisualStudioVersion = 10.0.40219.1
Project("{FAE04EC0-301F-11D3-BF4B-00C04F79EFBC}") = "NetDirsFilesApp", "NetDirsFilesApp\NetDirsFilesApp.csproj", "{B3697B10-EA9F-4C84-9BC5-B0EE66B01B20}"
EndProject
Global
	GlobalSection(SolutionConfigurationPlatforms) = preSolution
		Debug|Any CPU = Debug|Any CPU
		Release|Any CPU = Release|Any CPU
	EndGlobalSection
	GlobalSection(ProjectConfigurationPlatforms) = postSolution
		{B3697B10-EA9F-4C84-9BC5-B0EE66B01B20}.Debug|Any CPU.ActiveCfg = Debug|Any CPU
		{B3697B10-EA9F-4C84-9BC5-B0EE66B01B20}.Debug|Any CPU.Build.0 = Debug|Any CPU
		{B3697B10-EA9F-4C84-9BC5-B0EE66B01B20}.Release|Any CPU.ActiveCfg = Release|Any CPU
		{B3697B10-EA9F-4C84-9BC5-B0EE66B01B20}.Release|Any CPU.Build.0 = Release|Any CPU
	EndGlobalSection
	GlobalSection(SolutionProperties) = preSolution
		HideSolutionNode = FALSE
	EndGlobalSection
	GlobalSection(ExtensibilityGlobals) = postSolution
		SolutionGuid = {4303C1BA-9C0B-4056-9806-A731DB8B5847}
	EndGlobalSection
EndGlobal
